// !$*UTF8*$!
{
	archiveVersion = 1;
	classes = {
	};
	objectVersion = 56;
	objects = {

/* Begin PBXBuildFile section */
		0B03461B2C0F5AF20047300A /* AppDelegate.swift in Sources */ = {isa = PBXBuildFile; fileRef = 0B03461A2C0F5AF20047300A /* AppDelegate.swift */; };
		0B03461D2C0F5AF20047300A /* SceneDelegate.swift in Sources */ = {isa = PBXBuildFile; fileRef = 0B03461C2C0F5AF20047300A /* SceneDelegate.swift */; };
		0B03461F2C0F5AF20047300A /* ViewController.swift in Sources */ = {isa = PBXBuildFile; fileRef = 0B03461E2C0F5AF20047300A /* ViewController.swift */; };
		0B0346242C0F5AF30047300A /* Assets.xcassets in Resources */ = {isa = PBXBuildFile; fileRef = 0B0346232C0F5AF30047300A /* Assets.xcassets */; };
		0B0346272C0F5AF30047300A /* LaunchScreen.storyboard in Resources */ = {isa = PBXBuildFile; fileRef = 0B0346252C0F5AF30047300A /* LaunchScreen.storyboard */; };
		0B03462F2C0F5BDE0047300A /* SearchVC.swift in Sources */ = {isa = PBXBuildFile; fileRef = 0B03462E2C0F5BDE0047300A /* SearchVC.swift */; };
		0B0346312C0F5ED60047300A /* FavVC.swift in Sources */ = {isa = PBXBuildFile; fileRef = 0B0346302C0F5ED60047300A /* FavVC.swift */; };
		0B0346332C0F66870047300A /* GFButton.swift in Sources */ = {isa = PBXBuildFile; fileRef = 0B0346322C0F66870047300A /* GFButton.swift */; };
		0B0346352C0F69F30047300A /* GFTextField.swift in Sources */ = {isa = PBXBuildFile; fileRef = 0B0346342C0F69F30047300A /* GFTextField.swift */; };
		0B0346382C0F71160047300A /* SnapKit in Frameworks */ = {isa = PBXBuildFile; productRef = 0B0346372C0F71160047300A /* SnapKit */; };
		0B8CCE352C120270000D82A0 /* Follower.swift in Sources */ = {isa = PBXBuildFile; fileRef = 0B8CCE342C120270000D82A0 /* Follower.swift */; };
		0B8CCE372C120384000D82A0 /* User.swift in Sources */ = {isa = PBXBuildFile; fileRef = 0B8CCE362C120384000D82A0 /* User.swift */; };
		0B8CCE3A2C120534000D82A0 /* NetworkManager.swift in Sources */ = {isa = PBXBuildFile; fileRef = 0B8CCE392C120534000D82A0 /* NetworkManager.swift */; };
		0B8CCE3E2C1211B3000D82A0 /* GFError.swift in Sources */ = {isa = PBXBuildFile; fileRef = 0B8CCE3D2C1211B3000D82A0 /* GFError.swift */; };
		0BA7FD912C10C1DD0073E19B /* FollowerListVC.swift in Sources */ = {isa = PBXBuildFile; fileRef = 0BA7FD902C10C1DD0073E19B /* FollowerListVC.swift */; };
		0BA7FD932C10CA210073E19B /* GFTitleLabel.swift in Sources */ = {isa = PBXBuildFile; fileRef = 0BA7FD922C10CA210073E19B /* GFTitleLabel.swift */; };
		0BA7FD952C10CBAB0073E19B /* GFBodyLabel.swift in Sources */ = {isa = PBXBuildFile; fileRef = 0BA7FD942C10CBAB0073E19B /* GFBodyLabel.swift */; };
		0BA7FD972C10CC770073E19B /* GFAlertVC.swift in Sources */ = {isa = PBXBuildFile; fileRef = 0BA7FD962C10CC770073E19B /* GFAlertVC.swift */; };
		0BA7FD992C10E12E0073E19B /* UIViewController+Extension.swift in Sources */ = {isa = PBXBuildFile; fileRef = 0BA7FD982C10E12E0073E19B /* UIViewController+Extension.swift */; };
		0BAAFA732C12CFAE0007E350 /* FollowerCell.swift in Sources */ = {isa = PBXBuildFile; fileRef = 0BAAFA722C12CFAE0007E350 /* FollowerCell.swift */; };
		0BAAFA752C12D02E0007E350 /* GFAvatarImageView.swift in Sources */ = {isa = PBXBuildFile; fileRef = 0BAAFA742C12D02E0007E350 /* GFAvatarImageView.swift */; };
		0BAAFA772C1310A50007E350 /* UIHelper.swift in Sources */ = {isa = PBXBuildFile; fileRef = 0BAAFA762C1310A50007E350 /* UIHelper.swift */; };
/* End PBXBuildFile section */

/* Begin PBXFileReference section */
		0B0346172C0F5AF20047300A /* Github Follower UIKit.app */ = {isa = PBXFileReference; explicitFileType = wrapper.application; includeInIndex = 0; path = "Github Follower UIKit.app"; sourceTree = BUILT_PRODUCTS_DIR; };
		0B03461A2C0F5AF20047300A /* AppDelegate.swift */ = {isa = PBXFileReference; lastKnownFileType = sourcecode.swift; path = AppDelegate.swift; sourceTree = "<group>"; };
		0B03461C2C0F5AF20047300A /* SceneDelegate.swift */ = {isa = PBXFileReference; lastKnownFileType = sourcecode.swift; path = SceneDelegate.swift; sourceTree = "<group>"; };
		0B03461E2C0F5AF20047300A /* ViewController.swift */ = {isa = PBXFileReference; lastKnownFileType = sourcecode.swift; path = ViewController.swift; sourceTree = "<group>"; };
		0B0346232C0F5AF30047300A /* Assets.xcassets */ = {isa = PBXFileReference; lastKnownFileType = folder.assetcatalog; path = Assets.xcassets; sourceTree = "<group>"; };
		0B0346262C0F5AF30047300A /* Base */ = {isa = PBXFileReference; lastKnownFileType = file.storyboard; name = Base; path = Base.lproj/LaunchScreen.storyboard; sourceTree = "<group>"; };
		0B0346282C0F5AF30047300A /* Info.plist */ = {isa = PBXFileReference; lastKnownFileType = text.plist.xml; path = Info.plist; sourceTree = "<group>"; };
		0B03462E2C0F5BDE0047300A /* SearchVC.swift */ = {isa = PBXFileReference; lastKnownFileType = sourcecode.swift; path = SearchVC.swift; sourceTree = "<group>"; };
		0B0346302C0F5ED60047300A /* FavVC.swift */ = {isa = PBXFileReference; lastKnownFileType = sourcecode.swift; path = FavVC.swift; sourceTree = "<group>"; };
		0B0346322C0F66870047300A /* GFButton.swift */ = {isa = PBXFileReference; lastKnownFileType = sourcecode.swift; path = GFButton.swift; sourceTree = "<group>"; };
		0B0346342C0F69F30047300A /* GFTextField.swift */ = {isa = PBXFileReference; lastKnownFileType = sourcecode.swift; path = GFTextField.swift; sourceTree = "<group>"; };
		0B8CCE342C120270000D82A0 /* Follower.swift */ = {isa = PBXFileReference; lastKnownFileType = sourcecode.swift; path = Follower.swift; sourceTree = "<group>"; };
		0B8CCE362C120384000D82A0 /* User.swift */ = {isa = PBXFileReference; lastKnownFileType = sourcecode.swift; path = User.swift; sourceTree = "<group>"; };
		0B8CCE392C120534000D82A0 /* NetworkManager.swift */ = {isa = PBXFileReference; lastKnownFileType = sourcecode.swift; path = NetworkManager.swift; sourceTree = "<group>"; };
		0B8CCE3D2C1211B3000D82A0 /* GFError.swift */ = {isa = PBXFileReference; lastKnownFileType = sourcecode.swift; path = GFError.swift; sourceTree = "<group>"; };
		0BA7FD902C10C1DD0073E19B /* FollowerListVC.swift */ = {isa = PBXFileReference; lastKnownFileType = sourcecode.swift; path = FollowerListVC.swift; sourceTree = "<group>"; };
		0BA7FD922C10CA210073E19B /* GFTitleLabel.swift */ = {isa = PBXFileReference; lastKnownFileType = sourcecode.swift; path = GFTitleLabel.swift; sourceTree = "<group>"; };
		0BA7FD942C10CBAB0073E19B /* GFBodyLabel.swift */ = {isa = PBXFileReference; lastKnownFileType = sourcecode.swift; path = GFBodyLabel.swift; sourceTree = "<group>"; };
		0BA7FD962C10CC770073E19B /* GFAlertVC.swift */ = {isa = PBXFileReference; lastKnownFileType = sourcecode.swift; path = GFAlertVC.swift; sourceTree = "<group>"; };
		0BA7FD982C10E12E0073E19B /* UIViewController+Extension.swift */ = {isa = PBXFileReference; lastKnownFileType = sourcecode.swift; path = "UIViewController+Extension.swift"; sourceTree = "<group>"; };
		0BAAFA722C12CFAE0007E350 /* FollowerCell.swift */ = {isa = PBXFileReference; lastKnownFileType = sourcecode.swift; path = FollowerCell.swift; sourceTree = "<group>"; };
		0BAAFA742C12D02E0007E350 /* GFAvatarImageView.swift */ = {isa = PBXFileReference; lastKnownFileType = sourcecode.swift; path = GFAvatarImageView.swift; sourceTree = "<group>"; };
		0BAAFA762C1310A50007E350 /* UIHelper.swift */ = {isa = PBXFileReference; lastKnownFileType = sourcecode.swift; path = UIHelper.swift; sourceTree = "<group>"; };
/* End PBXFileReference section */

/* Begin PBXFrameworksBuildPhase section */
		0B0346142C0F5AF20047300A /* Frameworks */ = {
			isa = PBXFrameworksBuildPhase;
			buildActionMask = 2147483647;
			files = (
				0B0346382C0F71160047300A /* SnapKit in Frameworks */,
			);
			runOnlyForDeploymentPostprocessing = 0;
		};
/* End PBXFrameworksBuildPhase section */

/* Begin PBXGroup section */
		0B03460E2C0F5AF20047300A = {
			isa = PBXGroup;
			children = (
				0B0346192C0F5AF20047300A /* Github Follower UIKit */,
				0B0346182C0F5AF20047300A /* Products */,
			);
			sourceTree = "<group>";
		};
		0B0346182C0F5AF20047300A /* Products */ = {
			isa = PBXGroup;
			children = (
				0B0346172C0F5AF20047300A /* Github Follower UIKit.app */,
			);
			name = Products;
			sourceTree = "<group>";
		};
		0B0346192C0F5AF20047300A /* Github Follower UIKit */ = {
			isa = PBXGroup;
			children = (
				0B8CCE3B2C121103000D82A0 /* Utilities */,
				0B8CCE382C120522000D82A0 /* Managers */,
				0B8CCE332C120261000D82A0 /* Model */,
				0B8CCE322C1201F8000D82A0 /* Support */,
				0B8CCE312C11FE04000D82A0 /* Extensions */,
				0B8CCE302C11FDE3000D82A0 /* Custom Views */,
				0B8CCE2F2C11FDCB000D82A0 /* Screens */,
				0B0346282C0F5AF30047300A /* Info.plist */,
			);
			path = "Github Follower UIKit";
			sourceTree = "<group>";
		};
		0B8CCE2F2C11FDCB000D82A0 /* Screens */ = {
			isa = PBXGroup;
			children = (
				0B03462E2C0F5BDE0047300A /* SearchVC.swift */,
				0BA7FD902C10C1DD0073E19B /* FollowerListVC.swift */,
				0B0346302C0F5ED60047300A /* FavVC.swift */,
			);
			path = Screens;
			sourceTree = "<group>";
		};
		0B8CCE302C11FDE3000D82A0 /* Custom Views */ = {
			isa = PBXGroup;
			children = (
				0BAAFA712C12CF840007E350 /* Cells */,
				0B0346322C0F66870047300A /* GFButton.swift */,
				0BA7FD962C10CC770073E19B /* GFAlertVC.swift */,
				0B0346342C0F69F30047300A /* GFTextField.swift */,
				0BA7FD922C10CA210073E19B /* GFTitleLabel.swift */,
				0BA7FD942C10CBAB0073E19B /* GFBodyLabel.swift */,
				0BAAFA742C12D02E0007E350 /* GFAvatarImageView.swift */,
			);
			path = "Custom Views";
			sourceTree = "<group>";
		};
		0B8CCE312C11FE04000D82A0 /* Extensions */ = {
			isa = PBXGroup;
			children = (
				0BA7FD982C10E12E0073E19B /* UIViewController+Extension.swift */,
			);
			path = Extensions;
			sourceTree = "<group>";
		};
		0B8CCE322C1201F8000D82A0 /* Support */ = {
			isa = PBXGroup;
			children = (
				0B03461A2C0F5AF20047300A /* AppDelegate.swift */,
				0B03461C2C0F5AF20047300A /* SceneDelegate.swift */,
				0B03461E2C0F5AF20047300A /* ViewController.swift */,
				0B0346232C0F5AF30047300A /* Assets.xcassets */,
				0B0346252C0F5AF30047300A /* LaunchScreen.storyboard */,
			);
			path = Support;
			sourceTree = "<group>";
		};
		0B8CCE332C120261000D82A0 /* Model */ = {
			isa = PBXGroup;
			children = (
				0B8CCE342C120270000D82A0 /* Follower.swift */,
				0B8CCE362C120384000D82A0 /* User.swift */,
			);
			path = Model;
			sourceTree = "<group>";
		};
		0B8CCE382C120522000D82A0 /* Managers */ = {
			isa = PBXGroup;
			children = (
				0B8CCE392C120534000D82A0 /* NetworkManager.swift */,
			);
			path = Managers;
			sourceTree = "<group>";
		};
		0B8CCE3B2C121103000D82A0 /* Utilities */ = {
			isa = PBXGroup;
			children = (
				0B8CCE3D2C1211B3000D82A0 /* GFError.swift */,
				0BAAFA762C1310A50007E350 /* UIHelper.swift */,
			);
			path = Utilities;
			sourceTree = "<group>";
		};
		0BAAFA712C12CF840007E350 /* Cells */ = {
			isa = PBXGroup;
			children = (
				0BAAFA722C12CFAE0007E350 /* FollowerCell.swift */,
			);
			path = Cells;
			sourceTree = "<group>";
		};
/* End PBXGroup section */

/* Begin PBXNativeTarget section */
		0B0346162C0F5AF20047300A /* Github Follower UIKit */ = {
			isa = PBXNativeTarget;
			buildConfigurationList = 0B03462B2C0F5AF30047300A /* Build configuration list for PBXNativeTarget "Github Follower UIKit" */;
			buildPhases = (
				0B0346132C0F5AF20047300A /* Sources */,
				0B0346142C0F5AF20047300A /* Frameworks */,
				0B0346152C0F5AF20047300A /* Resources */,
			);
			buildRules = (
			);
			dependencies = (
			);
			name = "Github Follower UIKit";
			packageProductDependencies = (
				0B0346372C0F71160047300A /* SnapKit */,
			);
			productName = "Github Follower UIKit";
			productReference = 0B0346172C0F5AF20047300A /* Github Follower UIKit.app */;
			productType = "com.apple.product-type.application";
		};
/* End PBXNativeTarget section */

/* Begin PBXProject section */
		0B03460F2C0F5AF20047300A /* Project object */ = {
			isa = PBXProject;
			attributes = {
				BuildIndependentTargetsInParallel = 1;
				LastSwiftUpdateCheck = 1520;
				LastUpgradeCheck = 1520;
				TargetAttributes = {
					0B0346162C0F5AF20047300A = {
						CreatedOnToolsVersion = 15.2;
					};
				};
			};
			buildConfigurationList = 0B0346122C0F5AF20047300A /* Build configuration list for PBXProject "Github Follower UIKit" */;
			compatibilityVersion = "Xcode 14.0";
			developmentRegion = en;
			hasScannedForEncodings = 0;
			knownRegions = (
				en,
				Base,
			);
			mainGroup = 0B03460E2C0F5AF20047300A;
			packageReferences = (
				0B0346362C0F71160047300A /* XCRemoteSwiftPackageReference "SnapKit" */,
			);
			productRefGroup = 0B0346182C0F5AF20047300A /* Products */;
			projectDirPath = "";
			projectRoot = "";
			targets = (
				0B0346162C0F5AF20047300A /* Github Follower UIKit */,
			);
		};
/* End PBXProject section */

/* Begin PBXResourcesBuildPhase section */
		0B0346152C0F5AF20047300A /* Resources */ = {
			isa = PBXResourcesBuildPhase;
			buildActionMask = 2147483647;
			files = (
				0B0346272C0F5AF30047300A /* LaunchScreen.storyboard in Resources */,
				0B0346242C0F5AF30047300A /* Assets.xcassets in Resources */,
			);
			runOnlyForDeploymentPostprocessing = 0;
		};
/* End PBXResourcesBuildPhase section */

/* Begin PBXSourcesBuildPhase section */
		0B0346132C0F5AF20047300A /* Sources */ = {
			isa = PBXSourcesBuildPhase;
			buildActionMask = 2147483647;
			files = (
				0BA7FD992C10E12E0073E19B /* UIViewController+Extension.swift in Sources */,
				0B03461F2C0F5AF20047300A /* ViewController.swift in Sources */,
				0B0346312C0F5ED60047300A /* FavVC.swift in Sources */,
				0B0346332C0F66870047300A /* GFButton.swift in Sources */,
				0B03462F2C0F5BDE0047300A /* SearchVC.swift in Sources */,
				0B03461B2C0F5AF20047300A /* AppDelegate.swift in Sources */,
				0B8CCE372C120384000D82A0 /* User.swift in Sources */,
				0BA7FD972C10CC770073E19B /* GFAlertVC.swift in Sources */,
				0BAAFA752C12D02E0007E350 /* GFAvatarImageView.swift in Sources */,
				0BAAFA732C12CFAE0007E350 /* FollowerCell.swift in Sources */,
				0B8CCE352C120270000D82A0 /* Follower.swift in Sources */,
				0B03461D2C0F5AF20047300A /* SceneDelegate.swift in Sources */,
				0BA7FD932C10CA210073E19B /* GFTitleLabel.swift in Sources */,
				0B0346352C0F69F30047300A /* GFTextField.swift in Sources */,
				0B8CCE3E2C1211B3000D82A0 /* GFError.swift in Sources */,
				0BAAFA772C1310A50007E350 /* UIHelper.swift in Sources */,
				0B8CCE3A2C120534000D82A0 /* NetworkManager.swift in Sources */,
				0BA7FD912C10C1DD0073E19B /* FollowerListVC.swift in Sources */,
				0BA7FD952C10CBAB0073E19B /* GFBodyLabel.swift in Sources */,
			);
			runOnlyForDeploymentPostprocessing = 0;
		};
/* End PBXSourcesBuildPhase section */

/* Begin PBXVariantGroup section */
		0B0346252C0F5AF30047300A /* LaunchScreen.storyboard */ = {
			isa = PBXVariantGroup;
			children = (
				0B0346262C0F5AF30047300A /* Base */,
			);
			name = LaunchScreen.storyboard;
			sourceTree = "<group>";
		};
/* End PBXVariantGroup section */

/* Begin XCBuildConfiguration section */
		0B0346292C0F5AF30047300A /* Debug */ = {
			isa = XCBuildConfiguration;
			buildSettings = {
				ALWAYS_SEARCH_USER_PATHS = NO;
				ASSETCATALOG_COMPILER_GENERATE_SWIFT_ASSET_SYMBOL_EXTENSIONS = YES;
				CLANG_ANALYZER_NONNULL = YES;
				CLANG_ANALYZER_NUMBER_OBJECT_CONVERSION = YES_AGGRESSIVE;
				CLANG_CXX_LANGUAGE_STANDARD = "gnu++20";
				CLANG_ENABLE_MODULES = YES;
				CLANG_ENABLE_OBJC_ARC = YES;
				CLANG_ENABLE_OBJC_WEAK = YES;
				CLANG_WARN_BLOCK_CAPTURE_AUTORELEASING = YES;
				CLANG_WARN_BOOL_CONVERSION = YES;
				CLANG_WARN_COMMA = YES;
				CLANG_WARN_CONSTANT_CONVERSION = YES;
				CLANG_WARN_DEPRECATED_OBJC_IMPLEMENTATIONS = YES;
				CLANG_WARN_DIRECT_OBJC_ISA_USAGE = YES_ERROR;
				CLANG_WARN_DOCUMENTATION_COMMENTS = YES;
				CLANG_WARN_EMPTY_BODY = YES;
				CLANG_WARN_ENUM_CONVERSION = YES;
				CLANG_WARN_INFINITE_RECURSION = YES;
				CLANG_WARN_INT_CONVERSION = YES;
				CLANG_WARN_NON_LITERAL_NULL_CONVERSION = YES;
				CLANG_WARN_OBJC_IMPLICIT_RETAIN_SELF = YES;
				CLANG_WARN_OBJC_LITERAL_CONVERSION = YES;
				CLANG_WARN_OBJC_ROOT_CLASS = YES_ERROR;
				CLANG_WARN_QUOTED_INCLUDE_IN_FRAMEWORK_HEADER = YES;
				CLANG_WARN_RANGE_LOOP_ANALYSIS = YES;
				CLANG_WARN_STRICT_PROTOTYPES = YES;
				CLANG_WARN_SUSPICIOUS_MOVE = YES;
				CLANG_WARN_UNGUARDED_AVAILABILITY = YES_AGGRESSIVE;
				CLANG_WARN_UNREACHABLE_CODE = YES;
				CLANG_WARN__DUPLICATE_METHOD_MATCH = YES;
				COPY_PHASE_STRIP = NO;
				DEBUG_INFORMATION_FORMAT = dwarf;
				ENABLE_STRICT_OBJC_MSGSEND = YES;
				ENABLE_TESTABILITY = YES;
				ENABLE_USER_SCRIPT_SANDBOXING = YES;
				GCC_C_LANGUAGE_STANDARD = gnu17;
				GCC_DYNAMIC_NO_PIC = NO;
				GCC_NO_COMMON_BLOCKS = YES;
				GCC_OPTIMIZATION_LEVEL = 0;
				GCC_PREPROCESSOR_DEFINITIONS = (
					"DEBUG=1",
					"$(inherited)",
				);
				GCC_WARN_64_TO_32_BIT_CONVERSION = YES;
				GCC_WARN_ABOUT_RETURN_TYPE = YES_ERROR;
				GCC_WARN_UNDECLARED_SELECTOR = YES;
				GCC_WARN_UNINITIALIZED_AUTOS = YES_AGGRESSIVE;
				GCC_WARN_UNUSED_FUNCTION = YES;
				GCC_WARN_UNUSED_VARIABLE = YES;
				IPHONEOS_DEPLOYMENT_TARGET = 17.0;
				LOCALIZATION_PREFERS_STRING_CATALOGS = YES;
				MTL_ENABLE_DEBUG_INFO = INCLUDE_SOURCE;
				MTL_FAST_MATH = YES;
				ONLY_ACTIVE_ARCH = YES;
				SDKROOT = iphoneos;
				SWIFT_ACTIVE_COMPILATION_CONDITIONS = "DEBUG $(inherited)";
				SWIFT_OPTIMIZATION_LEVEL = "-Onone";
			};
			name = Debug;
		};
		0B03462A2C0F5AF30047300A /* Release */ = {
			isa = XCBuildConfiguration;
			buildSettings = {
				ALWAYS_SEARCH_USER_PATHS = NO;
				ASSETCATALOG_COMPILER_GENERATE_SWIFT_ASSET_SYMBOL_EXTENSIONS = YES;
				CLANG_ANALYZER_NONNULL = YES;
				CLANG_ANALYZER_NUMBER_OBJECT_CONVERSION = YES_AGGRESSIVE;
				CLANG_CXX_LANGUAGE_STANDARD = "gnu++20";
				CLANG_ENABLE_MODULES = YES;
				CLANG_ENABLE_OBJC_ARC = YES;
				CLANG_ENABLE_OBJC_WEAK = YES;
				CLANG_WARN_BLOCK_CAPTURE_AUTORELEASING = YES;
				CLANG_WARN_BOOL_CONVERSION = YES;
				CLANG_WARN_COMMA = YES;
				CLANG_WARN_CONSTANT_CONVERSION = YES;
				CLANG_WARN_DEPRECATED_OBJC_IMPLEMENTATIONS = YES;
				CLANG_WARN_DIRECT_OBJC_ISA_USAGE = YES_ERROR;
				CLANG_WARN_DOCUMENTATION_COMMENTS = YES;
				CLANG_WARN_EMPTY_BODY = YES;
				CLANG_WARN_ENUM_CONVERSION = YES;
				CLANG_WARN_INFINITE_RECURSION = YES;
				CLANG_WARN_INT_CONVERSION = YES;
				CLANG_WARN_NON_LITERAL_NULL_CONVERSION = YES;
				CLANG_WARN_OBJC_IMPLICIT_RETAIN_SELF = YES;
				CLANG_WARN_OBJC_LITERAL_CONVERSION = YES;
				CLANG_WARN_OBJC_ROOT_CLASS = YES_ERROR;
				CLANG_WARN_QUOTED_INCLUDE_IN_FRAMEWORK_HEADER = YES;
				CLANG_WARN_RANGE_LOOP_ANALYSIS = YES;
				CLANG_WARN_STRICT_PROTOTYPES = YES;
				CLANG_WARN_SUSPICIOUS_MOVE = YES;
				CLANG_WARN_UNGUARDED_AVAILABILITY = YES_AGGRESSIVE;
				CLANG_WARN_UNREACHABLE_CODE = YES;
				CLANG_WARN__DUPLICATE_METHOD_MATCH = YES;
				COPY_PHASE_STRIP = NO;
				DEBUG_INFORMATION_FORMAT = "dwarf-with-dsym";
				ENABLE_NS_ASSERTIONS = NO;
				ENABLE_STRICT_OBJC_MSGSEND = YES;
				ENABLE_USER_SCRIPT_SANDBOXING = YES;
				GCC_C_LANGUAGE_STANDARD = gnu17;
				GCC_NO_COMMON_BLOCKS = YES;
				GCC_WARN_64_TO_32_BIT_CONVERSION = YES;
				GCC_WARN_ABOUT_RETURN_TYPE = YES_ERROR;
				GCC_WARN_UNDECLARED_SELECTOR = YES;
				GCC_WARN_UNINITIALIZED_AUTOS = YES_AGGRESSIVE;
				GCC_WARN_UNUSED_FUNCTION = YES;
				GCC_WARN_UNUSED_VARIABLE = YES;
				IPHONEOS_DEPLOYMENT_TARGET = 17.0;
				LOCALIZATION_PREFERS_STRING_CATALOGS = YES;
				MTL_ENABLE_DEBUG_INFO = NO;
				MTL_FAST_MATH = YES;
				SDKROOT = iphoneos;
				SWIFT_COMPILATION_MODE = wholemodule;
				VALIDATE_PRODUCT = YES;
			};
			name = Release;
		};
		0B03462C2C0F5AF30047300A /* Debug */ = {
			isa = XCBuildConfiguration;
			buildSettings = {
				ASSETCATALOG_COMPILER_APPICON_NAME = AppIcon;
				ASSETCATALOG_COMPILER_GLOBAL_ACCENT_COLOR_NAME = AccentColor;
				CODE_SIGN_STYLE = Automatic;
				CURRENT_PROJECT_VERSION = 1;
				DEVELOPMENT_TEAM = 8PCBC9GBAN;
				GENERATE_INFOPLIST_FILE = YES;
				INFOPLIST_FILE = "Github Follower UIKit/Info.plist";
				INFOPLIST_KEY_UIApplicationSupportsIndirectInputEvents = YES;
				INFOPLIST_KEY_UILaunchStoryboardName = LaunchScreen;
				INFOPLIST_KEY_UISupportedInterfaceOrientations_iPad = "UIInterfaceOrientationPortrait UIInterfaceOrientationPortraitUpsideDown UIInterfaceOrientationLandscapeLeft UIInterfaceOrientationLandscapeRight";
				INFOPLIST_KEY_UISupportedInterfaceOrientations_iPhone = "UIInterfaceOrientationPortrait UIInterfaceOrientationLandscapeLeft UIInterfaceOrientationLandscapeRight";
				IPHONEOS_DEPLOYMENT_TARGET = 17.0;
				LD_RUNPATH_SEARCH_PATHS = (
					"$(inherited)",
					"@executable_path/Frameworks",
				);
				MARKETING_VERSION = 1.0;
				PRODUCT_BUNDLE_IDENTIFIER = "tarek.com.Github-Follower-UIKit";
				PRODUCT_NAME = "$(TARGET_NAME)";
				SWIFT_EMIT_LOC_STRINGS = YES;
				SWIFT_VERSION = 5.0;
				TARGETED_DEVICE_FAMILY = "1,2";
			};
			name = Debug;
		};
		0B03462D2C0F5AF30047300A /* Release */ = {
			isa = XCBuildConfiguration;
			buildSettings = {
				ASSETCATALOG_COMPILER_APPICON_NAME = AppIcon;
				ASSETCATALOG_COMPILER_GLOBAL_ACCENT_COLOR_NAME = AccentColor;
				CODE_SIGN_STYLE = Automatic;
				CURRENT_PROJECT_VERSION = 1;
				DEVELOPMENT_TEAM = 8PCBC9GBAN;
				GENERATE_INFOPLIST_FILE = YES;
				INFOPLIST_FILE = "Github Follower UIKit/Info.plist";
				INFOPLIST_KEY_UIApplicationSupportsIndirectInputEvents = YES;
				INFOPLIST_KEY_UILaunchStoryboardName = LaunchScreen;
				INFOPLIST_KEY_UISupportedInterfaceOrientations_iPad = "UIInterfaceOrientationPortrait UIInterfaceOrientationPortraitUpsideDown UIInterfaceOrientationLandscapeLeft UIInterfaceOrientationLandscapeRight";
				INFOPLIST_KEY_UISupportedInterfaceOrientations_iPhone = "UIInterfaceOrientationPortrait UIInterfaceOrientationLandscapeLeft UIInterfaceOrientationLandscapeRight";
				IPHONEOS_DEPLOYMENT_TARGET = 17.0;
				LD_RUNPATH_SEARCH_PATHS = (
					"$(inherited)",
					"@executable_path/Frameworks",
				);
				MARKETING_VERSION = 1.0;
				PRODUCT_BUNDLE_IDENTIFIER = "tarek.com.Github-Follower-UIKit";
				PRODUCT_NAME = "$(TARGET_NAME)";
				SWIFT_EMIT_LOC_STRINGS = YES;
				SWIFT_VERSION = 5.0;
				TARGETED_DEVICE_FAMILY = "1,2";
			};
			name = Release;
		};
/* End XCBuildConfiguration section */

/* Begin XCConfigurationList section */
		0B0346122C0F5AF20047300A /* Build configuration list for PBXProject "Github Follower UIKit" */ = {
			isa = XCConfigurationList;
			buildConfigurations = (
				0B0346292C0F5AF30047300A /* Debug */,
				0B03462A2C0F5AF30047300A /* Release */,
			);
			defaultConfigurationIsVisible = 0;
			defaultConfigurationName = Release;
		};
		0B03462B2C0F5AF30047300A /* Build configuration list for PBXNativeTarget "Github Follower UIKit" */ = {
			isa = XCConfigurationList;
			buildConfigurations = (
				0B03462C2C0F5AF30047300A /* Debug */,
				0B03462D2C0F5AF30047300A /* Release */,
			);
			defaultConfigurationIsVisible = 0;
			defaultConfigurationName = Release;
		};
/* End XCConfigurationList section */

/* Begin XCRemoteSwiftPackageReference section */
		0B0346362C0F71160047300A /* XCRemoteSwiftPackageReference "SnapKit" */ = {
			isa = XCRemoteSwiftPackageReference;
			repositoryURL = "https://github.com/SnapKit/SnapKit.git";
			requirement = {
				kind = upToNextMajorVersion;
				minimumVersion = 5.7.1;
			};
		};
/* End XCRemoteSwiftPackageReference section */

/* Begin XCSwiftPackageProductDependency section */
		0B0346372C0F71160047300A /* SnapKit */ = {
			isa = XCSwiftPackageProductDependency;
			package = 0B0346362C0F71160047300A /* XCRemoteSwiftPackageReference "SnapKit" */;
			productName = SnapKit;
		};
/* End XCSwiftPackageProductDependency section */
	};
	rootObject = 0B03460F2C0F5AF20047300A /* Project object */;
}
